// !$*UTF8*$!
{
	archiveVersion = 1;
	classes = {
	};
	objectVersion = 77;
	objects = {

/* Begin PBXBuildRule section */
		B5EF80592F6873E600248DE1 /* PBXBuildRule */ = {
			isa = PBXBuildRule;
			compilerSpec = com.apple.compilers.proxy.script;
			fileType = text.plist;
			inputFiles = (
			);
			isEditable = 1;
			outputFiles = (
			);
			script = "# builtin-copyPlist\n";
		};
		B5EF805A2F6873EE00248DE1 /* PBXBuildRule */ = {
			isa = PBXBuildRule;
			compilerSpec = com.apple.compilers.proxy.script;
			fileType = pattern.proxy;
			inputFiles = (
			);
			isEditable = 1;
			outputFiles = (
			);
			script = "# Type a script or drag a script file from your workspace to insert its path.\n";
		};
		B5EF805B2F6873EE00248DE1 /* PBXBuildRule */ = {
			isa = PBXBuildRule;
			compilerSpec = com.apple.compilers.proxy.script;
			fileType = pattern.proxy;
			inputFiles = (
			);
			isEditable = 1;
			outputFiles = (
			);
			script = "# Type a script or drag a script file from your workspace to insert its path.\n";
		};
/* End PBXBuildRule section */

/* Begin PBXContainerItemProxy section */
		B5AE226B2F5B797F00AD62E6 /* PBXContainerItemProxy */ = {
			isa = PBXContainerItemProxy;
			containerPortal = B5AE22552F5B797E00AD62E6 /* Project object */;
			proxyType = 1;
			remoteGlobalIDString = B5AE225C2F5B797E00AD62E6;
			remoteInfo = Respira;
		};
		B5AE22752F5B797F00AD62E6 /* PBXContainerItemProxy */ = {
			isa = PBXContainerItemProxy;
			containerPortal = B5AE22552F5B797E00AD62E6 /* Project object */;
			proxyType = 1;
			remoteGlobalIDString = B5AE225C2F5B797E00AD62E6;
			remoteInfo = Respira;
		};
/* End PBXContainerItemProxy section */

/* Begin PBXFileReference section */
		B5AE225D2F5B797E00AD62E6 /* Respira.app */ = {isa = PBXFileReference; explicitFileType = wrapper.application; includeInIndex = 0; path = Respira.app; sourceTree = BUILT_PRODUCTS_DIR; };
		B5AE226A2F5B797F00AD62E6 /* RespiraTests.xctest */ = {isa = PBXFileReference; explicitFileType = wrapper.cfbundle; includeInIndex = 0; path = RespiraTests.xctest; sourceTree = BUILT_PRODUCTS_DIR; };
		B5AE22742F5B797F00AD62E6 /* RespiraUITests.xctest */ = {isa = PBXFileReference; explicitFileType = wrapper.cfbundle; includeInIndex = 0; path = RespiraUITests.xctest; sourceTree = BUILT_PRODUCTS_DIR; };
/* End PBXFileReference section */

/* Begin PBXFileSystemSynchronizedBuildFileExceptionSet section */
		B5E128CD2F6EC3B700A7C2AC /* Exceptions for "Respira" folder in "Respira" target */ = {
			isa = PBXFileSystemSynchronizedBuildFileExceptionSet;
			membershipExceptions = (
				Info.plist,
			);
			target = B5AE225C2F5B797E00AD62E6 /* Respira */;
		};
/* End PBXFileSystemSynchronizedBuildFileExceptionSet section */

/* Begin PBXFileSystemSynchronizedRootGroup section */
		B5AE225F2F5B797E00AD62E6 /* Respira */ = {
			isa = PBXFileSystemSynchronizedRootGroup;
			exceptions = (
				B5E128CD2F6EC3B700A7C2AC /* Exceptions for "Respira" folder in "Respira" target */,
			);
			path = Respira;
			sourceTree = "<group>";
		};
		B5AE226D2F5B797F00AD62E6 /* RespiraTests */ = {
			isa = PBXFileSystemSynchronizedRootGroup;
			path = RespiraTests;
			sourceTree = "<group>";
		};
		B5AE22772F5B797F00AD62E6 /* RespiraUITests */ = {
			isa = PBXFileSystemSynchronizedRootGroup;
			path = RespiraUITests;
			sourceTree = "<group>";
		};
/* End PBXFileSystemSynchronizedRootGroup section */

/* Begin PBXFrameworksBuildPhase section */
		B5AE225A2F5B797E00AD62E6 /* Frameworks */ = {
			isa = PBXFrameworksBuildPhase;
			buildActionMask = 2147483647;
			files = (
			);
			runOnlyForDeploymentPostprocessing = 0;
		};
		B5AE22672F5B797F00AD62E6 /* Frameworks */ = {
			isa = PBXFrameworksBuildPhase;
			buildActionMask = 2147483647;
			files = (
			);
			runOnlyForDeploymentPostprocessing = 0;
		};
		B5AE22712F5B797F00AD62E6 /* Frameworks */ = {
			isa = PBXFrameworksBuildPhase;
			buildActionMask = 2147483647;
			files = (
			);
			runOnlyForDeploymentPostprocessing = 0;
		};
/* End PBXFrameworksBuildPhase section */

/* Begin PBXGroup section */
		B5AE22542F5B797E00AD62E6 = {
			isa = PBXGroup;
			children = (
				B5AE225F2F5B797E00AD62E6 /* Respira */,
				B5AE226D2F5B797F00AD62E6 /* RespiraTests */,
				B5AE22772F5B797F00AD62E6 /* RespiraUITests */,
				B5AE225E2F5B797E00AD62E6 /* Products */,
			);
			sourceTree = "<group>";
			usesTabs = 0;
		};
		B5AE225E2F5B797E00AD62E6 /* Products */ = {
			isa = PBXGroup;
			children = (
				B5AE225D2F5B797E00AD62E6 /* Respira.app */,
				B5AE226A2F5B797F00AD62E6 /* RespiraTests.xctest */,
				B5AE22742F5B797F00AD62E6 /* RespiraUITests.xctest */,
			);
			name = Products;
			sourceTree = "<group>";
		};
/* End PBXGroup section */

/* Begin PBXNativeTarget section */
		B5AE225C2F5B797E00AD62E6 /* Respira */ = {
			isa = PBXNativeTarget;
			buildConfigurationList = B5AE227E2F5B797F00AD62E6 /* Build configuration list for PBXNativeTarget "Respira" */;
			buildPhases = (
				B5AE22592F5B797E00AD62E6 /* Sources */,
				B5AE225A2F5B797E00AD62E6 /* Frameworks */,
				B5AE225B2F5B797E00AD62E6 /* Resources */,
			);
			buildRules = (
				B5EF805B2F6873EE00248DE1 /* PBXBuildRule */,
				B5EF805A2F6873EE00248DE1 /* PBXBuildRule */,
				B5EF80592F6873E600248DE1 /* PBXBuildRule */,
			);
			dependencies = (
			);
			fileSystemSynchronizedGroups = (
				B5AE225F2F5B797E00AD62E6 /* Respira */,
			);
			name = Respira;
			packageProductDependencies = (
			);
			productName = Respira;
			productReference = B5AE225D2F5B797E00AD62E6 /* Respira.app */;
			productType = "com.apple.product-type.application";
		};
		B5AE22692F5B797F00AD62E6 /* RespiraTests */ = {
			isa = PBXNativeTarget;
			buildConfigurationList = B5AE22812F5B797F00AD62E6 /* Build configuration list for PBXNativeTarget "RespiraTests" */;
			buildPhases = (
				B5AE22662F5B797F00AD62E6 /* Sources */,
				B5AE22672F5B797F00AD62E6 /* Frameworks */,
				B5AE22682F5B797F00AD62E6 /* Resources */,
			);
			buildRules = (
			);
			dependencies = (
				B5AE226C2F5B797F00AD62E6 /* PBXTargetDependency */,
			);
			fileSystemSynchronizedGroups = (
				B5AE226D2F5B797F00AD62E6 /* RespiraTests */,
			);
			name = RespiraTests;
			packageProductDependencies = (
			);
			productName = RespiraTests;
			productReference = B5AE226A2F5B797F00AD62E6 /* RespiraTests.xctest */;
			productType = "com.apple.product-type.bundle.unit-test";
		};
		B5AE22732F5B797F00AD62E6 /* RespiraUITests */ = {
			isa = PBXNativeTarget;
			buildConfigurationList = B5AE22842F5B797F00AD62E6 /* Build configuration list for PBXNativeTarget "RespiraUITests" */;
			buildPhases = (
				B5AE22702F5B797F00AD62E6 /* Sources */,
				B5AE22712F5B797F00AD62E6 /* Frameworks */,
				B5AE22722F5B797F00AD62E6 /* Resources */,
			);
			buildRules = (
			);
			dependencies = (
				B5AE22762F5B797F00AD62E6 /* PBXTargetDependency */,
			);
			fileSystemSynchronizedGroups = (
				B5AE22772F5B797F00AD62E6 /* RespiraUITests */,
			);
			name = RespiraUITests;
			packageProductDependencies = (
			);
			productName = RespiraUITests;
			productReference = B5AE22742F5B797F00AD62E6 /* RespiraUITests.xctest */;
			productType = "com.apple.product-type.bundle.ui-testing";
		};
/* End PBXNativeTarget section */

/* Begin PBXProject section */
		B5AE22552F5B797E00AD62E6 /* Project object */ = {
			isa = PBXProject;
			attributes = {
				BuildIndependentTargetsInParallel = 1;
				LastSwiftUpdateCheck = 2630;
				LastUpgradeCheck = 2630;
				TargetAttributes = {
					B5AE225C2F5B797E00AD62E6 = {
						CreatedOnToolsVersion = 26.3;
					};
					B5AE22692F5B797F00AD62E6 = {
						CreatedOnToolsVersion = 26.3;
						TestTargetID = B5AE225C2F5B797E00AD62E6;
					};
					B5AE22732F5B797F00AD62E6 = {
						CreatedOnToolsVersion = 26.3;
						TestTargetID = B5AE225C2F5B797E00AD62E6;
					};
				};
			};
			buildConfigurationList = B5AE22582F5B797E00AD62E6 /* Build configuration list for PBXProject "Respira" */;
			developmentRegion = en;
			hasScannedForEncodings = 0;
			knownRegions = (
				en,
				Base,
			);
			mainGroup = B5AE22542F5B797E00AD62E6;
			minimizedProjectReferenceProxies = 1;
			preferredProjectObjectVersion = 77;
			productRefGroup = B5AE225E2F5B797E00AD62E6 /* Products */;
			projectDirPath = "";
			projectRoot = "";
			targets = (
				B5AE225C2F5B797E00AD62E6 /* Respira */,
				B5AE22692F5B797F00AD62E6 /* RespiraTests */,
				B5AE22732F5B797F00AD62E6 /* RespiraUITests */,
			);
		};
/* End PBXProject section */

/* Begin PBXResourcesBuildPhase section */
		B5AE225B2F5B797E00AD62E6 /* Resources */ = {
			isa = PBXResourcesBuildPhase;
			buildActionMask = 2147483647;
			files = (
			);
			runOnlyForDeploymentPostprocessing = 0;
		};
		B5AE22682F5B797F00AD62E6 /* Resources */ = {
			isa = PBXResourcesBuildPhase;
			buildActionMask = 2147483647;
			files = (
			);
			runOnlyForDeploymentPostprocessing = 0;
		};
		B5AE22722F5B797F00AD62E6 /* Resources */ = {
			isa = PBXResourcesBuildPhase;
			buildActionMask = 2147483647;
			files = (
			);
			runOnlyForDeploymentPostprocessing = 0;
		};
/* End PBXResourcesBuildPhase section */

/* Begin PBXSourcesBuildPhase section */
		B5AE22592F5B797E00AD62E6 /* Sources */ = {
			isa = PBXSourcesBuildPhase;
			buildActionMask = 2147483647;
			files = (
			);
			runOnlyForDeploymentPostprocessing = 0;
		};
		B5AE22662F5B797F00AD62E6 /* Sources */ = {
			isa = PBXSourcesBuildPhase;
			buildActionMask = 2147483647;
			files = (
			);
			runOnlyForDeploymentPostprocessing = 0;
		};
		B5AE22702F5B797F00AD62E6 /* Sources */ = {
			isa = PBXSourcesBuildPhase;
			buildActionMask = 2147483647;
			files = (
			);
			runOnlyForDeploymentPostprocessing = 0;
		};
/* End PBXSourcesBuildPhase section */

/* Begin PBXTargetDependency section */
		B5AE226C2F5B797F00AD62E6 /* PBXTargetDependency */ = {
			isa = PBXTargetDependency;
			target = B5AE225C2F5B797E00AD62E6 /* Respira */;
			targetProxy = B5AE226B2F5B797F00AD62E6 /* PBXContainerItemProxy */;
		};
		B5AE22762F5B797F00AD62E6 /* PBXTargetDependency */ = {
			isa = PBXTargetDependency;
			target = B5AE225C2F5B797E00AD62E6 /* Respira */;
			targetProxy = B5AE22752F5B797F00AD62E6 /* PBXContainerItemProxy */;
		};
/* End PBXTargetDependency section */

/* Begin XCBuildConfiguration section */
		B5AE227C2F5B797F00AD62E6 /* Debug */ = {
			isa = XCBuildConfiguration;
			buildSettings = {
				ALWAYS_SEARCH_USER_PATHS = NO;
				ASSETCATALOG_COMPILER_GENERATE_SWIFT_ASSET_SYMBOL_EXTENSIONS = YES;
				CLANG_ANALYZER_NONNULL = YES;
				CLANG_ANALYZER_NUMBER_OBJECT_CONVERSION = YES_AGGRESSIVE;
				CLANG_CXX_LANGUAGE_STANDARD = "gnu++20";
				CLANG_ENABLE_MODULES = YES;
				CLANG_ENABLE_OBJC_ARC = YES;
				CLANG_ENABLE_OBJC_WEAK = YES;
				CLANG_WARN_BLOCK_CAPTURE_AUTORELEASING = YES;
				CLANG_WARN_BOOL_CONVERSION = YES;
				CLANG_WARN_COMMA = YES;
				CLANG_WARN_CONSTANT_CONVERSION = YES;
				CLANG_WARN_DEPRECATED_OBJC_IMPLEMENTATIONS = YES;
				CLANG_WARN_DIRECT_OBJC_ISA_USAGE = YES_ERROR;
				CLANG_WARN_DOCUMENTATION_COMMENTS = YES;
				CLANG_WARN_EMPTY_BODY = YES;
				CLANG_WARN_ENUM_CONVERSION = YES;
				CLANG_WARN_INFINITE_RECURSION = YES;
				CLANG_WARN_INT_CONVERSION = YES;
				CLANG_WARN_NON_LITERAL_NULL_CONVERSION = YES;
				CLANG_WARN_OBJC_IMPLICIT_RETAIN_SELF = YES;
				CLANG_WARN_OBJC_LITERAL_CONVERSION = YES;
				CLANG_WARN_OBJC_ROOT_CLASS = YES_ERROR;
				CLANG_WARN_QUOTED_INCLUDE_IN_FRAMEWORK_HEADER = YES;
				CLANG_WARN_RANGE_LOOP_ANALYSIS = YES;
				CLANG_WARN_STRICT_PROTOTYPES = YES;
				CLANG_WARN_SUSPICIOUS_MOVE = YES;
				CLANG_WARN_UNGUARDED_AVAILABILITY = YES_AGGRESSIVE;
				CLANG_WARN_UNREACHABLE_CODE = YES;
				CLANG_WARN__DUPLICATE_METHOD_MATCH = YES;
				COPY_PHASE_STRIP = NO;
				DEBUG_INFORMATION_FORMAT = dwarf;
				DEVELOPMENT_TEAM = 24VX8G36BT;
				ENABLE_STRICT_OBJC_MSGSEND = YES;
				ENABLE_TESTABILITY = YES;
				ENABLE_USER_SCRIPT_SANDBOXING = YES;
				GCC_C_LANGUAGE_STANDARD = gnu17;
				GCC_DYNAMIC_NO_PIC = NO;
				GCC_NO_COMMON_BLOCKS = YES;
				GCC_OPTIMIZATION_LEVEL = 0;
				GCC_PREPROCESSOR_DEFINITIONS = (
					"DEBUG=1",
					"$(inherited)",
				);
				GCC_WARN_64_TO_32_BIT_CONVERSION = YES;
				GCC_WARN_ABOUT_RETURN_TYPE = YES_ERROR;
				GCC_WARN_UNDECLARED_SELECTOR = YES;
				GCC_WARN_UNINITIALIZED_AUTOS = YES_AGGRESSIVE;
				GCC_WARN_UNUSED_FUNCTION = YES;
				GCC_WARN_UNUSED_VARIABLE = YES;
				IPHONEOS_DEPLOYMENT_TARGET = 26.2;
				LOCALIZATION_PREFERS_STRING_CATALOGS = YES;
				MTL_ENABLE_DEBUG_INFO = INCLUDE_SOURCE;
				MTL_FAST_MATH = YES;
				ONLY_ACTIVE_ARCH = YES;
				SDKROOT = iphoneos;
				SWIFT_ACTIVE_COMPILATION_CONDITIONS = "DEBUG $(inherited)";
				SWIFT_OPTIMIZATION_LEVEL = "-Onone";
			};
			name = Debug;
		};
		B5AE227D2F5B797F00AD62E6 /* Release */ = {
			isa = XCBuildConfiguration;
			buildSettings = {
				ALWAYS_SEARCH_USER_PATHS = NO;
				ASSETCATALOG_COMPILER_GENERATE_SWIFT_ASSET_SYMBOL_EXTENSIONS = YES;
				CLANG_ANALYZER_NONNULL = YES;
				CLANG_ANALYZER_NUMBER_OBJECT_CONVERSION = YES_AGGRESSIVE;
				CLANG_CXX_LANGUAGE_STANDARD = "gnu++20";
				CLANG_ENABLE_MODULES = YES;
				CLANG_ENABLE_OBJC_ARC = YES;
				CLANG_ENABLE_OBJC_WEAK = YES;
				CLANG_WARN_BLOCK_CAPTURE_AUTORELEASING = YES;
				CLANG_WARN_BOOL_CONVERSION = YES;
				CLANG_WARN_COMMA = YES;
				CLANG_WARN_CONSTANT_CONVERSION = YES;
				CLANG_WARN_DEPRECATED_OBJC_IMPLEMENTATIONS = YES;
				CLANG_WARN_DIRECT_OBJC_ISA_USAGE = YES_ERROR;
				CLANG_WARN_DOCUMENTATION_COMMENTS = YES;
				CLANG_WARN_EMPTY_BODY = YES;
				CLANG_WARN_ENUM_CONVERSION = YES;
				CLANG_WARN_INFINITE_RECURSION = YES;
				CLANG_WARN_INT_CONVERSION = YES;
				CLANG_WARN_NON_LITERAL_NULL_CONVERSION = YES;
				CLANG_WARN_OBJC_IMPLICIT_RETAIN_SELF = YES;
				CLANG_WARN_OBJC_LITERAL_CONVERSION = YES;
				CLANG_WARN_OBJC_ROOT_CLASS = YES_ERROR;
				CLANG_WARN_QUOTED_INCLUDE_IN_FRAMEWORK_HEADER = YES;
				CLANG_WARN_RANGE_LOOP_ANALYSIS = YES;
				CLANG_WARN_STRICT_PROTOTYPES = YES;
				CLANG_WARN_SUSPICIOUS_MOVE = YES;
				CLANG_WARN_UNGUARDED_AVAILABILITY = YES_AGGRESSIVE;
				CLANG_WARN_UNREACHABLE_CODE = YES;
				CLANG_WARN__DUPLICATE_METHOD_MATCH = YES;
				COPY_PHASE_STRIP = NO;
				DEBUG_INFORMATION_FORMAT = "dwarf-with-dsym";
				DEVELOPMENT_TEAM = 24VX8G36BT;
				ENABLE_NS_ASSERTIONS = NO;
				ENABLE_STRICT_OBJC_MSGSEND = YES;
				ENABLE_USER_SCRIPT_SANDBOXING = YES;
				GCC_C_LANGUAGE_STANDARD = gnu17;
				GCC_NO_COMMON_BLOCKS = YES;
				GCC_WARN_64_TO_32_BIT_CONVERSION = YES;
				GCC_WARN_ABOUT_RETURN_TYPE = YES_ERROR;
				GCC_WARN_UNDECLARED_SELECTOR = YES;
				GCC_WARN_UNINITIALIZED_AUTOS = YES_AGGRESSIVE;
				GCC_WARN_UNUSED_FUNCTION = YES;
				GCC_WARN_UNUSED_VARIABLE = YES;
				IPHONEOS_DEPLOYMENT_TARGET = 26.2;
				LOCALIZATION_PREFERS_STRING_CATALOGS = YES;
				MTL_ENABLE_DEBUG_INFO = NO;
				MTL_FAST_MATH = YES;
				ONLY_ACTIVE_ARCH = YES;
				SDKROOT = iphoneos;
				SWIFT_COMPILATION_MODE = wholemodule;
				VALIDATE_PRODUCT = YES;
			};
			name = Release;
		};
		B5AE227F2F5B797F00AD62E6 /* Debug */ = {
			isa = XCBuildConfiguration;
			buildSettings = {
				ASSETCATALOG_COMPILER_APPICON_NAME = AppIcon;
				ASSETCATALOG_COMPILER_GLOBAL_ACCENT_COLOR_NAME = AccentColor;
				AUTOMATION_APPLE_EVENTS = NO;
				CODE_SIGN_ENTITLEMENTS = Respira/Respira.entitlements;
				"CODE_SIGN_IDENTITY[sdk=macosx*]" = "-";
				CODE_SIGN_STYLE = Automatic;
				CURRENT_PROJECT_VERSION = 1;
				DEVELOPMENT_TEAM = 24VX8G36BT;
				ENABLE_APP_SANDBOX = YES;
				ENABLE_FILE_ACCESS_DOWNLOADS_FOLDER = readwrite;
				ENABLE_FILE_ACCESS_MUSIC_FOLDER = readwrite;
				ENABLE_FILE_ACCESS_PICTURE_FOLDER = readwrite;
				ENABLE_HARDENED_RUNTIME = NO;
				ENABLE_INCOMING_NETWORK_CONNECTIONS = NO;
				ENABLE_OUTGOING_NETWORK_CONNECTIONS = NO;
				ENABLE_PREVIEWS = YES;
				ENABLE_RESOURCE_ACCESS_AUDIO_INPUT = NO;
				ENABLE_RESOURCE_ACCESS_BLUETOOTH = NO;
				ENABLE_RESOURCE_ACCESS_CALENDARS = NO;
				ENABLE_RESOURCE_ACCESS_CAMERA = NO;
				ENABLE_RESOURCE_ACCESS_CONTACTS = NO;
				ENABLE_RESOURCE_ACCESS_LOCATION = NO;
				ENABLE_RESOURCE_ACCESS_PHOTO_LIBRARY = NO;
				ENABLE_RESOURCE_ACCESS_PRINTING = NO;
				ENABLE_RESOURCE_ACCESS_USB = NO;
				ENABLE_USER_SELECTED_FILES = readwrite;
				GENERATE_INFOPLIST_FILE = YES;
				INFOPLIST_FILE = Respira/Info.plist;
				INFOPLIST_KEY_CFBundleDisplayName = Respira;
				INFOPLIST_KEY_LSApplicationCategoryType = "public.app-category.entertainment";
				INFOPLIST_KEY_UIApplicationSceneManifest_Generation = YES;
				INFOPLIST_KEY_UIApplicationSupportsIndirectInputEvents = YES;
				INFOPLIST_KEY_UILaunchScreen_Generation = YES;
				INFOPLIST_KEY_UISupportedInterfaceOrientations_iPad = "UIInterfaceOrientationPortrait UIInterfaceOrientationPortraitUpsideDown UIInterfaceOrientationLandscapeLeft UIInterfaceOrientationLandscapeRight";
				INFOPLIST_KEY_UISupportedInterfaceOrientations_iPhone = "UIInterfaceOrientationPortrait UIInterfaceOrientationLandscapeLeft UIInterfaceOrientationLandscapeRight";
				IPHONEOS_DEPLOYMENT_TARGET = 18.6;
				LD_RUNPATH_SEARCH_PATHS = (
					"$(inherited)",
					"@executable_path/Frameworks",
				);
				MARKETING_VERSION = 1.0;
				PRODUCT_BUNDLE_IDENTIFIER = casatita.Respira;
				PRODUCT_NAME = "$(TARGET_NAME)";
				REGISTER_APP_GROUPS = YES;
				RUNTIME_EXCEPTION_ALLOW_DYLD_ENVIRONMENT_VARIABLES = NO;
				RUNTIME_EXCEPTION_ALLOW_JIT = NO;
				RUNTIME_EXCEPTION_ALLOW_UNSIGNED_EXECUTABLE_MEMORY = NO;
				RUNTIME_EXCEPTION_DEBUGGING_TOOL = NO;
				RUNTIME_EXCEPTION_DISABLE_EXECUTABLE_PAGE_PROTECTION = NO;
				RUNTIME_EXCEPTION_DISABLE_LIBRARY_VALIDATION = NO;
				STRING_CATALOG_GENERATE_SYMBOLS = YES;
				SUPPORTED_PLATFORMS = "iphoneos iphonesimulator";
				SUPPORTS_MACCATALYST = NO;
				SUPPORTS_MAC_DESIGNED_FOR_IPHONE_IPAD = NO;
				SUPPORTS_XR_DESIGNED_FOR_IPHONE_IPAD = NO;
				SWIFT_APPROACHABLE_CONCURRENCY = YES;
				SWIFT_DEFAULT_ACTOR_ISOLATION = MainActor;
				SWIFT_EMIT_LOC_STRINGS = YES;
				SWIFT_UPCOMING_FEATURE_MEMBER_IMPORT_VISIBILITY = YES;
				SWIFT_VERSION = 5.0;
				TARGETED_DEVICE_FAMILY = 1;
			};
			name = Debug;
		};
		B5AE22802F5B797F00AD62E6 /* Release */ = {
			isa = XCBuildConfiguration;
			buildSettings = {
				ASSETCATALOG_COMPILER_APPICON_NAME = AppIcon;
				ASSETCATALOG_COMPILER_GLOBAL_ACCENT_COLOR_NAME = AccentColor;
				AUTOMATION_APPLE_EVENTS = NO;
				CODE_SIGN_ENTITLEMENTS = Respira/Respira.entitlements;
				"CODE_SIGN_IDENTITY[sdk=macosx*]" = "-";
				CODE_SIGN_STYLE = Automatic;
				CURRENT_PROJECT_VERSION = 1;
				DEVELOPMENT_TEAM = 24VX8G36BT;
				ENABLE_APP_SANDBOX = YES;
				ENABLE_FILE_ACCESS_DOWNLOADS_FOLDER = readwrite;
				ENABLE_FILE_ACCESS_MUSIC_FOLDER = readwrite;
				ENABLE_FILE_ACCESS_PICTURE_FOLDER = readwrite;
				ENABLE_HARDENED_RUNTIME = NO;
				ENABLE_INCOMING_NETWORK_CONNECTIONS = NO;
				ENABLE_OUTGOING_NETWORK_CONNECTIONS = NO;
				ENABLE_PREVIEWS = YES;
				ENABLE_RESOURCE_ACCESS_AUDIO_INPUT = NO;
				ENABLE_RESOURCE_ACCESS_BLUETOOTH = NO;
				ENABLE_RESOURCE_ACCESS_CALENDARS = NO;
				ENABLE_RESOURCE_ACCESS_CAMERA = NO;
				ENABLE_RESOURCE_ACCESS_CONTACTS = NO;
				ENABLE_RESOURCE_ACCESS_LOCATION = NO;
				ENABLE_RESOURCE_ACCESS_PHOTO_LIBRARY = NO;
				ENABLE_RESOURCE_ACCESS_PRINTING = NO;
				ENABLE_RESOURCE_ACCESS_USB = NO;
				ENABLE_USER_SELECTED_FILES = readwrite;
				GENERATE_INFOPLIST_FILE = YES;
				INFOPLIST_FILE = Respira/Info.plist;
				INFOPLIST_KEY_CFBundleDisplayName = Respira;
				INFOPLIST_KEY_LSApplicationCategoryType = "public.app-category.entertainment";
				INFOPLIST_KEY_UIApplicationSceneManifest_Generation = YES;
				INFOPLIST_KEY_UIApplicationSupportsIndirectInputEvents = YES;
				INFOPLIST_KEY_UILaunchScreen_Generation = YES;
				INFOPLIST_KEY_UISupportedInterfaceOrientations_iPad = "UIInterfaceOrientationPortrait UIInterfaceOrientationPortraitUpsideDown UIInterfaceOrientationLandscapeLeft UIInterfaceOrientationLandscapeRight";
				INFOPLIST_KEY_UISupportedInterfaceOrientations_iPhone = "UIInterfaceOrientationPortrait UIInterfaceOrientationLandscapeLeft UIInterfaceOrientationLandscapeRight";
				IPHONEOS_DEPLOYMENT_TARGET = 18.6;
				LD_RUNPATH_SEARCH_PATHS = (
					"$(inherited)",
					"@executable_path/Frameworks",
				);
				MARKETING_VERSION = 1.0;
				PRODUCT_BUNDLE_IDENTIFIER = casatita.Respira;
				PRODUCT_NAME = "$(TARGET_NAME)";
				REGISTER_APP_GROUPS = YES;
				RUNTIME_EXCEPTION_ALLOW_DYLD_ENVIRONMENT_VARIABLES = NO;
				RUNTIME_EXCEPTION_ALLOW_JIT = NO;
				RUNTIME_EXCEPTION_ALLOW_UNSIGNED_EXECUTABLE_MEMORY = NO;
				RUNTIME_EXCEPTION_DEBUGGING_TOOL = NO;
				RUNTIME_EXCEPTION_DISABLE_EXECUTABLE_PAGE_PROTECTION = NO;
				RUNTIME_EXCEPTION_DISABLE_LIBRARY_VALIDATION = NO;
				STRING_CATALOG_GENERATE_SYMBOLS = YES;
				SUPPORTED_PLATFORMS = "iphoneos iphonesimulator";
				SUPPORTS_MACCATALYST = NO;
				SUPPORTS_MAC_DESIGNED_FOR_IPHONE_IPAD = NO;
				SUPPORTS_XR_DESIGNED_FOR_IPHONE_IPAD = NO;
				SWIFT_APPROACHABLE_CONCURRENCY = YES;
				SWIFT_DEFAULT_ACTOR_ISOLATION = MainActor;
				SWIFT_EMIT_LOC_STRINGS = YES;
				SWIFT_UPCOMING_FEATURE_MEMBER_IMPORT_VISIBILITY = YES;
				SWIFT_VERSION = 5.0;
				TARGETED_DEVICE_FAMILY = 1;
			};
			name = Release;
		};
		B5AE22822F5B797F00AD62E6 /* Debug */ = {
			isa = XCBuildConfiguration;
			buildSettings = {
				BUNDLE_LOADER = "$(TEST_HOST)";
				CODE_SIGN_STYLE = Automatic;
				CURRENT_PROJECT_VERSION = 1;
				DEVELOPMENT_TEAM = 24VX8G36BT;
				GENERATE_INFOPLIST_FILE = YES;
				IPHONEOS_DEPLOYMENT_TARGET = 26.2;
				MARKETING_VERSION = 1.0;
				PRODUCT_BUNDLE_IDENTIFIER = casatita.RespiraTests;
				PRODUCT_NAME = "$(TARGET_NAME)";
				STRING_CATALOG_GENERATE_SYMBOLS = NO;
				SWIFT_APPROACHABLE_CONCURRENCY = YES;
				SWIFT_EMIT_LOC_STRINGS = NO;
				SWIFT_UPCOMING_FEATURE_MEMBER_IMPORT_VISIBILITY = YES;
				SWIFT_VERSION = 5.0;
				TARGETED_DEVICE_FAMILY = "1,2";
				TEST_HOST = "$(BUILT_PRODUCTS_DIR)/Respira.app/$(BUNDLE_EXECUTABLE_FOLDER_PATH)/Respira";
			};
			name = Debug;
		};
		B5AE22832F5B797F00AD62E6 /* Release */ = {
			isa = XCBuildConfiguration;
			buildSettings = {
				BUNDLE_LOADER = "$(TEST_HOST)";
				CODE_SIGN_STYLE = Automatic;
				CURRENT_PROJECT_VERSION = 1;
				DEVELOPMENT_TEAM = 24VX8G36BT;
				GENERATE_INFOPLIST_FILE = YES;
				IPHONEOS_DEPLOYMENT_TARGET = 26.2;
				MARKETING_VERSION = 1.0;
				PRODUCT_BUNDLE_IDENTIFIER = casatita.RespiraTests;
				PRODUCT_NAME = "$(TARGET_NAME)";
				STRING_CATALOG_GENERATE_SYMBOLS = NO;
				SWIFT_APPROACHABLE_CONCURRENCY = YES;
				SWIFT_EMIT_LOC_STRINGS = NO;
				SWIFT_UPCOMING_FEATURE_MEMBER_IMPORT_VISIBILITY = YES;
				SWIFT_VERSION = 5.0;
				TARGETED_DEVICE_FAMILY = "1,2";
				TEST_HOST = "$(BUILT_PRODUCTS_DIR)/Respira.app/$(BUNDLE_EXECUTABLE_FOLDER_PATH)/Respira";
			};
			name = Release;
		};
		B5AE22852F5B797F00AD62E6 /* Debug */ = {
			isa = XCBuildConfiguration;
			buildSettings = {
				CODE_SIGN_STYLE = Automatic;
				CURRENT_PROJECT_VERSION = 1;
				DEVELOPMENT_TEAM = 24VX8G36BT;
				GENERATE_INFOPLIST_FILE = YES;
				MARKETING_VERSION = 1.0;
				PRODUCT_BUNDLE_IDENTIFIER = casatita.RespiraUITests;
				PRODUCT_NAME = "$(TARGET_NAME)";
				STRING_CATALOG_GENERATE_SYMBOLS = NO;
				SWIFT_APPROACHABLE_CONCURRENCY = YES;
				SWIFT_EMIT_LOC_STRINGS = NO;
				SWIFT_UPCOMING_FEATURE_MEMBER_IMPORT_VISIBILITY = YES;
				SWIFT_VERSION = 5.0;
				TARGETED_DEVICE_FAMILY = "1,2";
				TEST_TARGET_NAME = Respira;
			};
			name = Debug;
		};
		B5AE22862F5B797F00AD62E6 /* Release */ = {
			isa = XCBuildConfiguration;
			buildSettings = {
				CODE_SIGN_STYLE = Automatic;
				CURRENT_PROJECT_VERSION = 1;
				DEVELOPMENT_TEAM = 24VX8G36BT;
				GENERATE_INFOPLIST_FILE = YES;
				MARKETING_VERSION = 1.0;
				PRODUCT_BUNDLE_IDENTIFIER = casatita.RespiraUITests;
				PRODUCT_NAME = "$(TARGET_NAME)";
				STRING_CATALOG_GENERATE_SYMBOLS = NO;
				SWIFT_APPROACHABLE_CONCURRENCY = YES;
				SWIFT_EMIT_LOC_STRINGS = NO;
				SWIFT_UPCOMING_FEATURE_MEMBER_IMPORT_VISIBILITY = YES;
				SWIFT_VERSION = 5.0;
				TARGETED_DEVICE_FAMILY = "1,2";
				TEST_TARGET_NAME = Respira;
			};
			name = Release;
		};
/* End XCBuildConfiguration section */

/* Begin XCConfigurationList section */
		B5AE22582F5B797E00AD62E6 /* Build configuration list for PBXProject "Respira" */ = {
			isa = XCConfigurationList;
			buildConfigurations = (
				B5AE227C2F5B797F00AD62E6 /* Debug */,
				B5AE227D2F5B797F00AD62E6 /* Release */,
			);
			defaultConfigurationIsVisible = 0;
			defaultConfigurationName = Release;
		};
		B5AE227E2F5B797F00AD62E6 /* Build configuration list for PBXNativeTarget "Respira" */ = {
			isa = XCConfigurationList;
			buildConfigurations = (
				B5AE227F2F5B797F00AD62E6 /* Debug */,
				B5AE22802F5B797F00AD62E6 /* Release */,
			);
			defaultConfigurationIsVisible = 0;
			defaultConfigurationName = Release;
		};
		B5AE22812F5B797F00AD62E6 /* Build configuration list for PBXNativeTarget "RespiraTests" */ = {
			isa = XCConfigurationList;
			buildConfigurations = (
				B5AE22822F5B797F00AD62E6 /* Debug */,
				B5AE22832F5B797F00AD62E6 /* Release */,
			);
			defaultConfigurationIsVisible = 0;
			defaultConfigurationName = Release;
		};
		B5AE22842F5B797F00AD62E6 /* Build configuration list for PBXNativeTarget "RespiraUITests" */ = {
			isa = XCConfigurationList;
			buildConfigurations = (
				B5AE22852F5B797F00AD62E6 /* Debug */,
				B5AE22862F5B797F00AD62E6 /* Release */,
			);
			defaultConfigurationIsVisible = 0;
			defaultConfigurationName = Release;
		};
/* End XCConfigurationList section */
	};
	rootObject = B5AE22552F5B797E00AD62E6 /* Project object */;
}
